// !$*UTF8*$!
{
	archiveVersion = 1;
	classes = {
	};
	objectVersion = 50;
	objects = {

/* Begin PBXBuildFile section */
		2F822CF325E03A0E00B3C5A8 /* CarManager.swift in Sources */ = {isa = PBXBuildFile; fileRef = 2F822CF225E03A0E00B3C5A8 /* CarManager.swift */; };
		2F822CFD25E03F7C00B3C5A8 /* FillupsView.swift in Sources */ = {isa = PBXBuildFile; fileRef = 2F822CFC25E03F7C00B3C5A8 /* FillupsView.swift */; };
		2F822D0525E0455400B3C5A8 /* CarDetailView.swift in Sources */ = {isa = PBXBuildFile; fileRef = 2F822D0425E0455400B3C5A8 /* CarDetailView.swift */; };
		2F822D0A25E0491E00B3C5A8 /* GraphView.swift in Sources */ = {isa = PBXBuildFile; fileRef = 2F822D0925E0491E00B3C5A8 /* GraphView.swift */; };
		2F822D1025E0498F00B3C5A8 /* AddCarView.swift in Sources */ = {isa = PBXBuildFile; fileRef = 2F822D0F25E0498F00B3C5A8 /* AddCarView.swift */; };
		2F822D1825E049D500B3C5A8 /* FillupView.swift in Sources */ = {isa = PBXBuildFile; fileRef = 2F822D1725E049D500B3C5A8 /* FillupView.swift */; };
		2FA0B59A25E03867005E700D /* MeterLogApp.swift in Sources */ = {isa = PBXBuildFile; fileRef = 2FA0B59925E03867005E700D /* MeterLogApp.swift */; };
		2FA0B59E25E0386A005E700D /* Assets.xcassets in Resources */ = {isa = PBXBuildFile; fileRef = 2FA0B59D25E0386A005E700D /* Assets.xcassets */; };
		2FA0B5A125E0386A005E700D /* Preview Assets.xcassets in Resources */ = {isa = PBXBuildFile; fileRef = 2FA0B5A025E0386A005E700D /* Preview Assets.xcassets */; };
		2FA0B5AC25E0386A005E700D /* MeterLogTests.swift in Sources */ = {isa = PBXBuildFile; fileRef = 2FA0B5AB25E0386A005E700D /* MeterLogTests.swift */; };
		2FA0B5B725E0386A005E700D /* MeterLogUITests.swift in Sources */ = {isa = PBXBuildFile; fileRef = 2FA0B5B625E0386A005E700D /* MeterLogUITests.swift */; };
		2FA0B5CA25E0391B005E700D /* ContentView.swift in Sources */ = {isa = PBXBuildFile; fileRef = 2FA0B59B25E03867005E700D /* ContentView.swift */; };
		C59DBF9E25E10BB600B3E368 /* AwesomeInput.swift in Sources */ = {isa = PBXBuildFile; fileRef = C59DBF9D25E10BB600B3E368 /* AwesomeInput.swift */; };
		C5E8C05425E10F3900E60D5E /* HtmyTestView.swift in Sources */ = {isa = PBXBuildFile; fileRef = C5E8C05325E10F3900E60D5E /* HtmyTestView.swift */; };
		C5E8C05D25E13F6400E60D5E /* TempFillup.swift in Sources */ = {isa = PBXBuildFile; fileRef = C5E8C05C25E13F6400E60D5E /* TempFillup.swift */; };
/* End PBXBuildFile section */

/* Begin PBXContainerItemProxy section */
		2FA0B5A825E0386A005E700D /* PBXContainerItemProxy */ = {
			isa = PBXContainerItemProxy;
			containerPortal = 2FA0B58E25E03867005E700D /* Project object */;
			proxyType = 1;
			remoteGlobalIDString = 2FA0B59525E03867005E700D;
			remoteInfo = MeterLog;
		};
		2FA0B5B325E0386A005E700D /* PBXContainerItemProxy */ = {
			isa = PBXContainerItemProxy;
			containerPortal = 2FA0B58E25E03867005E700D /* Project object */;
			proxyType = 1;
			remoteGlobalIDString = 2FA0B59525E03867005E700D;
			remoteInfo = MeterLog;
		};
/* End PBXContainerItemProxy section */

/* Begin PBXFileReference section */
		2F822CF225E03A0E00B3C5A8 /* CarManager.swift */ = {isa = PBXFileReference; lastKnownFileType = sourcecode.swift; path = CarManager.swift; sourceTree = "<group>"; };
		2F822CFC25E03F7C00B3C5A8 /* FillupsView.swift */ = {isa = PBXFileReference; lastKnownFileType = sourcecode.swift; path = FillupsView.swift; sourceTree = "<group>"; };
		2F822D0425E0455400B3C5A8 /* CarDetailView.swift */ = {isa = PBXFileReference; lastKnownFileType = sourcecode.swift; path = CarDetailView.swift; sourceTree = "<group>"; };
		2F822D0925E0491E00B3C5A8 /* GraphView.swift */ = {isa = PBXFileReference; lastKnownFileType = sourcecode.swift; path = GraphView.swift; sourceTree = "<group>"; };
		2F822D0F25E0498F00B3C5A8 /* AddCarView.swift */ = {isa = PBXFileReference; lastKnownFileType = sourcecode.swift; path = AddCarView.swift; sourceTree = "<group>"; };
		2F822D1725E049D500B3C5A8 /* FillupView.swift */ = {isa = PBXFileReference; lastKnownFileType = sourcecode.swift; path = FillupView.swift; sourceTree = "<group>"; };
		2FA0B59625E03867005E700D /* MeterLog.app */ = {isa = PBXFileReference; explicitFileType = wrapper.application; includeInIndex = 0; path = MeterLog.app; sourceTree = BUILT_PRODUCTS_DIR; };
		2FA0B59925E03867005E700D /* MeterLogApp.swift */ = {isa = PBXFileReference; lastKnownFileType = sourcecode.swift; path = MeterLogApp.swift; sourceTree = "<group>"; };
		2FA0B59B25E03867005E700D /* ContentView.swift */ = {isa = PBXFileReference; lastKnownFileType = sourcecode.swift; path = ContentView.swift; sourceTree = "<group>"; };
		2FA0B59D25E0386A005E700D /* Assets.xcassets */ = {isa = PBXFileReference; lastKnownFileType = folder.assetcatalog; path = Assets.xcassets; sourceTree = "<group>"; };
		2FA0B5A025E0386A005E700D /* Preview Assets.xcassets */ = {isa = PBXFileReference; lastKnownFileType = folder.assetcatalog; path = "Preview Assets.xcassets"; sourceTree = "<group>"; };
		2FA0B5A225E0386A005E700D /* Info.plist */ = {isa = PBXFileReference; lastKnownFileType = text.plist.xml; path = Info.plist; sourceTree = "<group>"; };
		2FA0B5A725E0386A005E700D /* MeterLogTests.xctest */ = {isa = PBXFileReference; explicitFileType = wrapper.cfbundle; includeInIndex = 0; path = MeterLogTests.xctest; sourceTree = BUILT_PRODUCTS_DIR; };
		2FA0B5AB25E0386A005E700D /* MeterLogTests.swift */ = {isa = PBXFileReference; lastKnownFileType = sourcecode.swift; path = MeterLogTests.swift; sourceTree = "<group>"; };
		2FA0B5AD25E0386A005E700D /* Info.plist */ = {isa = PBXFileReference; lastKnownFileType = text.plist.xml; path = Info.plist; sourceTree = "<group>"; };
		2FA0B5B225E0386A005E700D /* MeterLogUITests.xctest */ = {isa = PBXFileReference; explicitFileType = wrapper.cfbundle; includeInIndex = 0; path = MeterLogUITests.xctest; sourceTree = BUILT_PRODUCTS_DIR; };
		2FA0B5B625E0386A005E700D /* MeterLogUITests.swift */ = {isa = PBXFileReference; lastKnownFileType = sourcecode.swift; path = MeterLogUITests.swift; sourceTree = "<group>"; };
		2FA0B5B825E0386A005E700D /* Info.plist */ = {isa = PBXFileReference; lastKnownFileType = text.plist.xml; path = Info.plist; sourceTree = "<group>"; };
		C59DBF9D25E10BB600B3E368 /* AwesomeInput.swift */ = {isa = PBXFileReference; lastKnownFileType = sourcecode.swift; path = AwesomeInput.swift; sourceTree = "<group>"; };
		C5E8C05325E10F3900E60D5E /* HtmyTestView.swift */ = {isa = PBXFileReference; lastKnownFileType = sourcecode.swift; path = HtmyTestView.swift; sourceTree = "<group>"; };
		C5E8C05C25E13F6400E60D5E /* TempFillup.swift */ = {isa = PBXFileReference; lastKnownFileType = sourcecode.swift; path = TempFillup.swift; sourceTree = "<group>"; };
/* End PBXFileReference section */

/* Begin PBXFrameworksBuildPhase section */
		2FA0B59325E03867005E700D /* Frameworks */ = {
			isa = PBXFrameworksBuildPhase;
			buildActionMask = 2147483647;
			files = (
			);
			runOnlyForDeploymentPostprocessing = 0;
		};
		2FA0B5A425E0386A005E700D /* Frameworks */ = {
			isa = PBXFrameworksBuildPhase;
			buildActionMask = 2147483647;
			files = (
			);
			runOnlyForDeploymentPostprocessing = 0;
		};
		2FA0B5AF25E0386A005E700D /* Frameworks */ = {
			isa = PBXFrameworksBuildPhase;
			buildActionMask = 2147483647;
			files = (
			);
			runOnlyForDeploymentPostprocessing = 0;
		};
/* End PBXFrameworksBuildPhase section */

/* Begin PBXGroup section */
		2F822CF125E039E900B3C5A8 /* Managers */ = {
			isa = PBXGroup;
			children = (
				2F822CF225E03A0E00B3C5A8 /* CarManager.swift */,
			);
			path = Managers;
			sourceTree = "<group>";
		};
		2F822CFA25E03F4C00B3C5A8 /* Views */ = {
			isa = PBXGroup;
			children = (
				C59DBF9C25E10BA700B3E368 /* Controls */,
				2F822CFB25E03F5800B3C5A8 /* Screens */,
			);
			path = Views;
			sourceTree = "<group>";
		};
		2F822CFB25E03F5800B3C5A8 /* Screens */ = {
			isa = PBXGroup;
			children = (
				2FA0B59B25E03867005E700D /* ContentView.swift */,
				2F822CFC25E03F7C00B3C5A8 /* FillupsView.swift */,
				2F822D0425E0455400B3C5A8 /* CarDetailView.swift */,
				2F822D0925E0491E00B3C5A8 /* GraphView.swift */,
				2F822D0F25E0498F00B3C5A8 /* AddCarView.swift */,
				2F822D1725E049D500B3C5A8 /* FillupView.swift */,
			);
			path = Screens;
			sourceTree = "<group>";
		};
		2FA0B58D25E03867005E700D = {
			isa = PBXGroup;
			children = (
				2FA0B59825E03867005E700D /* MeterLog */,
				2FA0B5AA25E0386A005E700D /* MeterLogTests */,
				2FA0B5B525E0386A005E700D /* MeterLogUITests */,
				2FA0B59725E03867005E700D /* Products */,
			);
			sourceTree = "<group>";
		};
		2FA0B59725E03867005E700D /* Products */ = {
			isa = PBXGroup;
			children = (
				2FA0B59625E03867005E700D /* MeterLog.app */,
				2FA0B5A725E0386A005E700D /* MeterLogTests.xctest */,
				2FA0B5B225E0386A005E700D /* MeterLogUITests.xctest */,
			);
			name = Products;
			sourceTree = "<group>";
		};
		2FA0B59825E03867005E700D /* MeterLog */ = {
			isa = PBXGroup;
			children = (
				C5E8C05B25E13F5400E60D5E /* Data */,
				2F822CFA25E03F4C00B3C5A8 /* Views */,
				2F822CF125E039E900B3C5A8 /* Managers */,
				2FA0B59925E03867005E700D /* MeterLogApp.swift */,
				2FA0B59D25E0386A005E700D /* Assets.xcassets */,
				2FA0B5A225E0386A005E700D /* Info.plist */,
				2FA0B59F25E0386A005E700D /* Preview Content */,
				C5E8C05325E10F3900E60D5E /* HtmyTestView.swift */,
			);
			path = MeterLog;
			sourceTree = "<group>";
		};
		2FA0B59F25E0386A005E700D /* Preview Content */ = {
			isa = PBXGroup;
			children = (
				2FA0B5A025E0386A005E700D /* Preview Assets.xcassets */,
			);
			path = "Preview Content";
			sourceTree = "<group>";
		};
		2FA0B5AA25E0386A005E700D /* MeterLogTests */ = {
			isa = PBXGroup;
			children = (
				2FA0B5AB25E0386A005E700D /* MeterLogTests.swift */,
				2FA0B5AD25E0386A005E700D /* Info.plist */,
			);
			path = MeterLogTests;
			sourceTree = "<group>";
		};
		2FA0B5B525E0386A005E700D /* MeterLogUITests */ = {
			isa = PBXGroup;
			children = (
				2FA0B5B625E0386A005E700D /* MeterLogUITests.swift */,
				2FA0B5B825E0386A005E700D /* Info.plist */,
			);
			path = MeterLogUITests;
			sourceTree = "<group>";
		};
		C59DBF9C25E10BA700B3E368 /* Controls */ = {
			isa = PBXGroup;
			children = (
				C59DBF9D25E10BB600B3E368 /* AwesomeInput.swift */,
			);
			path = Controls;
			sourceTree = "<group>";
		};
		C5E8C05B25E13F5400E60D5E /* Data */ = {
			isa = PBXGroup;
			children = (
				C5E8C05C25E13F6400E60D5E /* TempFillup.swift */,
			);
			path = Data;
			sourceTree = "<group>";
		};
/* End PBXGroup section */

/* Begin PBXNativeTarget section */
		2FA0B59525E03867005E700D /* MeterLog */ = {
			isa = PBXNativeTarget;
			buildConfigurationList = 2FA0B5BB25E0386A005E700D /* Build configuration list for PBXNativeTarget "MeterLog" */;
			buildPhases = (
				2FA0B59225E03867005E700D /* Sources */,
				2FA0B59325E03867005E700D /* Frameworks */,
				2FA0B59425E03867005E700D /* Resources */,
			);
			buildRules = (
			);
			dependencies = (
			);
			name = MeterLog;
			productName = MeterLog;
			productReference = 2FA0B59625E03867005E700D /* MeterLog.app */;
			productType = "com.apple.product-type.application";
		};
		2FA0B5A625E0386A005E700D /* MeterLogTests */ = {
			isa = PBXNativeTarget;
			buildConfigurationList = 2FA0B5BE25E0386A005E700D /* Build configuration list for PBXNativeTarget "MeterLogTests" */;
			buildPhases = (
				2FA0B5A325E0386A005E700D /* Sources */,
				2FA0B5A425E0386A005E700D /* Frameworks */,
				2FA0B5A525E0386A005E700D /* Resources */,
			);
			buildRules = (
			);
			dependencies = (
				2FA0B5A925E0386A005E700D /* PBXTargetDependency */,
			);
			name = MeterLogTests;
			productName = MeterLogTests;
			productReference = 2FA0B5A725E0386A005E700D /* MeterLogTests.xctest */;
			productType = "com.apple.product-type.bundle.unit-test";
		};
		2FA0B5B125E0386A005E700D /* MeterLogUITests */ = {
			isa = PBXNativeTarget;
			buildConfigurationList = 2FA0B5C125E0386A005E700D /* Build configuration list for PBXNativeTarget "MeterLogUITests" */;
			buildPhases = (
				2FA0B5AE25E0386A005E700D /* Sources */,
				2FA0B5AF25E0386A005E700D /* Frameworks */,
				2FA0B5B025E0386A005E700D /* Resources */,
			);
			buildRules = (
			);
			dependencies = (
				2FA0B5B425E0386A005E700D /* PBXTargetDependency */,
			);
			name = MeterLogUITests;
			productName = MeterLogUITests;
			productReference = 2FA0B5B225E0386A005E700D /* MeterLogUITests.xctest */;
			productType = "com.apple.product-type.bundle.ui-testing";
		};
/* End PBXNativeTarget section */

/* Begin PBXProject section */
		2FA0B58E25E03867005E700D /* Project object */ = {
			isa = PBXProject;
			attributes = {
				LastSwiftUpdateCheck = 1240;
				LastUpgradeCheck = 1240;
				TargetAttributes = {
					2FA0B59525E03867005E700D = {
						CreatedOnToolsVersion = 12.4;
					};
					2FA0B5A625E0386A005E700D = {
						CreatedOnToolsVersion = 12.4;
						TestTargetID = 2FA0B59525E03867005E700D;
					};
					2FA0B5B125E0386A005E700D = {
						CreatedOnToolsVersion = 12.4;
						TestTargetID = 2FA0B59525E03867005E700D;
					};
				};
			};
			buildConfigurationList = 2FA0B59125E03867005E700D /* Build configuration list for PBXProject "MeterLog" */;
			compatibilityVersion = "Xcode 9.3";
			developmentRegion = en;
			hasScannedForEncodings = 0;
			knownRegions = (
				en,
				Base,
			);
			mainGroup = 2FA0B58D25E03867005E700D;
			productRefGroup = 2FA0B59725E03867005E700D /* Products */;
			projectDirPath = "";
			projectRoot = "";
			targets = (
				2FA0B59525E03867005E700D /* MeterLog */,
				2FA0B5A625E0386A005E700D /* MeterLogTests */,
				2FA0B5B125E0386A005E700D /* MeterLogUITests */,
			);
		};
/* End PBXProject section */

/* Begin PBXResourcesBuildPhase section */
		2FA0B59425E03867005E700D /* Resources */ = {
			isa = PBXResourcesBuildPhase;
			buildActionMask = 2147483647;
			files = (
				2FA0B5A125E0386A005E700D /* Preview Assets.xcassets in Resources */,
				2FA0B59E25E0386A005E700D /* Assets.xcassets in Resources */,
			);
			runOnlyForDeploymentPostprocessing = 0;
		};
		2FA0B5A525E0386A005E700D /* Resources */ = {
			isa = PBXResourcesBuildPhase;
			buildActionMask = 2147483647;
			files = (
			);
			runOnlyForDeploymentPostprocessing = 0;
		};
		2FA0B5B025E0386A005E700D /* Resources */ = {
			isa = PBXResourcesBuildPhase;
			buildActionMask = 2147483647;
			files = (
			);
			runOnlyForDeploymentPostprocessing = 0;
		};
/* End PBXResourcesBuildPhase section */

/* Begin PBXSourcesBuildPhase section */
		2FA0B59225E03867005E700D /* Sources */ = {
			isa = PBXSourcesBuildPhase;
			buildActionMask = 2147483647;
			files = (
				2FA0B5CA25E0391B005E700D /* ContentView.swift in Sources */,
				2F822CF325E03A0E00B3C5A8 /* CarManager.swift in Sources */,
				2F822D1825E049D500B3C5A8 /* FillupView.swift in Sources */,
				2F822D1025E0498F00B3C5A8 /* AddCarView.swift in Sources */,
				C5E8C05D25E13F6400E60D5E /* TempFillup.swift in Sources */,
				C5E8C05425E10F3900E60D5E /* HtmyTestView.swift in Sources */,
				2F822CFD25E03F7C00B3C5A8 /* FillupsView.swift in Sources */,
				2F822D0525E0455400B3C5A8 /* CarDetailView.swift in Sources */,
				2FA0B59A25E03867005E700D /* MeterLogApp.swift in Sources */,
				C59DBF9E25E10BB600B3E368 /* AwesomeInput.swift in Sources */,
				2F822D0A25E0491E00B3C5A8 /* GraphView.swift in Sources */,
			);
			runOnlyForDeploymentPostprocessing = 0;
		};
		2FA0B5A325E0386A005E700D /* Sources */ = {
			isa = PBXSourcesBuildPhase;
			buildActionMask = 2147483647;
			files = (
				2FA0B5AC25E0386A005E700D /* MeterLogTests.swift in Sources */,
			);
			runOnlyForDeploymentPostprocessing = 0;
		};
		2FA0B5AE25E0386A005E700D /* Sources */ = {
			isa = PBXSourcesBuildPhase;
			buildActionMask = 2147483647;
			files = (
				2FA0B5B725E0386A005E700D /* MeterLogUITests.swift in Sources */,
			);
			runOnlyForDeploymentPostprocessing = 0;
		};
/* End PBXSourcesBuildPhase section */

/* Begin PBXTargetDependency section */
		2FA0B5A925E0386A005E700D /* PBXTargetDependency */ = {
			isa = PBXTargetDependency;
			target = 2FA0B59525E03867005E700D /* MeterLog */;
			targetProxy = 2FA0B5A825E0386A005E700D /* PBXContainerItemProxy */;
		};
		2FA0B5B425E0386A005E700D /* PBXTargetDependency */ = {
			isa = PBXTargetDependency;
			target = 2FA0B59525E03867005E700D /* MeterLog */;
			targetProxy = 2FA0B5B325E0386A005E700D /* PBXContainerItemProxy */;
		};
/* End PBXTargetDependency section */

/* Begin XCBuildConfiguration section */
		2FA0B5B925E0386A005E700D /* Debug */ = {
			isa = XCBuildConfiguration;
			buildSettings = {
				ALWAYS_SEARCH_USER_PATHS = NO;
				CLANG_ANALYZER_NONNULL = YES;
				CLANG_ANALYZER_NUMBER_OBJECT_CONVERSION = YES_AGGRESSIVE;
				CLANG_CXX_LANGUAGE_STANDARD = "gnu++14";
				CLANG_CXX_LIBRARY = "libc++";
				CLANG_ENABLE_MODULES = YES;
				CLANG_ENABLE_OBJC_ARC = YES;
				CLANG_ENABLE_OBJC_WEAK = YES;
				CLANG_WARN_BLOCK_CAPTURE_AUTORELEASING = YES;
				CLANG_WARN_BOOL_CONVERSION = YES;
				CLANG_WARN_COMMA = YES;
				CLANG_WARN_CONSTANT_CONVERSION = YES;
				CLANG_WARN_DEPRECATED_OBJC_IMPLEMENTATIONS = YES;
				CLANG_WARN_DIRECT_OBJC_ISA_USAGE = YES_ERROR;
				CLANG_WARN_DOCUMENTATION_COMMENTS = YES;
				CLANG_WARN_EMPTY_BODY = YES;
				CLANG_WARN_ENUM_CONVERSION = YES;
				CLANG_WARN_INFINITE_RECURSION = YES;
				CLANG_WARN_INT_CONVERSION = YES;
				CLANG_WARN_NON_LITERAL_NULL_CONVERSION = YES;
				CLANG_WARN_OBJC_IMPLICIT_RETAIN_SELF = YES;
				CLANG_WARN_OBJC_LITERAL_CONVERSION = YES;
				CLANG_WARN_OBJC_ROOT_CLASS = YES_ERROR;
				CLANG_WARN_QUOTED_INCLUDE_IN_FRAMEWORK_HEADER = YES;
				CLANG_WARN_RANGE_LOOP_ANALYSIS = YES;
				CLANG_WARN_STRICT_PROTOTYPES = YES;
				CLANG_WARN_SUSPICIOUS_MOVE = YES;
				CLANG_WARN_UNGUARDED_AVAILABILITY = YES_AGGRESSIVE;
				CLANG_WARN_UNREACHABLE_CODE = YES;
				CLANG_WARN__DUPLICATE_METHOD_MATCH = YES;
				COPY_PHASE_STRIP = NO;
				DEBUG_INFORMATION_FORMAT = dwarf;
				ENABLE_STRICT_OBJC_MSGSEND = YES;
				ENABLE_TESTABILITY = YES;
				GCC_C_LANGUAGE_STANDARD = gnu11;
				GCC_DYNAMIC_NO_PIC = NO;
				GCC_NO_COMMON_BLOCKS = YES;
				GCC_OPTIMIZATION_LEVEL = 0;
				GCC_PREPROCESSOR_DEFINITIONS = (
					"DEBUG=1",
					"$(inherited)",
				);
				GCC_WARN_64_TO_32_BIT_CONVERSION = YES;
				GCC_WARN_ABOUT_RETURN_TYPE = YES_ERROR;
				GCC_WARN_UNDECLARED_SELECTOR = YES;
				GCC_WARN_UNINITIALIZED_AUTOS = YES_AGGRESSIVE;
				GCC_WARN_UNUSED_FUNCTION = YES;
				GCC_WARN_UNUSED_VARIABLE = YES;
				IPHONEOS_DEPLOYMENT_TARGET = 14.4;
				MTL_ENABLE_DEBUG_INFO = INCLUDE_SOURCE;
				MTL_FAST_MATH = YES;
				ONLY_ACTIVE_ARCH = YES;
				SDKROOT = iphoneos;
				SWIFT_ACTIVE_COMPILATION_CONDITIONS = DEBUG;
				SWIFT_OPTIMIZATION_LEVEL = "-Onone";
			};
			name = Debug;
		};
		2FA0B5BA25E0386A005E700D /* Release */ = {
			isa = XCBuildConfiguration;
			buildSettings = {
				ALWAYS_SEARCH_USER_PATHS = NO;
				CLANG_ANALYZER_NONNULL = YES;
				CLANG_ANALYZER_NUMBER_OBJECT_CONVERSION = YES_AGGRESSIVE;
				CLANG_CXX_LANGUAGE_STANDARD = "gnu++14";
				CLANG_CXX_LIBRARY = "libc++";
				CLANG_ENABLE_MODULES = YES;
				CLANG_ENABLE_OBJC_ARC = YES;
				CLANG_ENABLE_OBJC_WEAK = YES;
				CLANG_WARN_BLOCK_CAPTURE_AUTORELEASING = YES;
				CLANG_WARN_BOOL_CONVERSION = YES;
				CLANG_WARN_COMMA = YES;
				CLANG_WARN_CONSTANT_CONVERSION = YES;
				CLANG_WARN_DEPRECATED_OBJC_IMPLEMENTATIONS = YES;
				CLANG_WARN_DIRECT_OBJC_ISA_USAGE = YES_ERROR;
				CLANG_WARN_DOCUMENTATION_COMMENTS = YES;
				CLANG_WARN_EMPTY_BODY = YES;
				CLANG_WARN_ENUM_CONVERSION = YES;
				CLANG_WARN_INFINITE_RECURSION = YES;
				CLANG_WARN_INT_CONVERSION = YES;
				CLANG_WARN_NON_LITERAL_NULL_CONVERSION = YES;
				CLANG_WARN_OBJC_IMPLICIT_RETAIN_SELF = YES;
				CLANG_WARN_OBJC_LITERAL_CONVERSION = YES;
				CLANG_WARN_OBJC_ROOT_CLASS = YES_ERROR;
				CLANG_WARN_QUOTED_INCLUDE_IN_FRAMEWORK_HEADER = YES;
				CLANG_WARN_RANGE_LOOP_ANALYSIS = YES;
				CLANG_WARN_STRICT_PROTOTYPES = YES;
				CLANG_WARN_SUSPICIOUS_MOVE = YES;
				CLANG_WARN_UNGUARDED_AVAILABILITY = YES_AGGRESSIVE;
				CLANG_WARN_UNREACHABLE_CODE = YES;
				CLANG_WARN__DUPLICATE_METHOD_MATCH = YES;
				COPY_PHASE_STRIP = NO;
				DEBUG_INFORMATION_FORMAT = "dwarf-with-dsym";
				ENABLE_NS_ASSERTIONS = NO;
				ENABLE_STRICT_OBJC_MSGSEND = YES;
				GCC_C_LANGUAGE_STANDARD = gnu11;
				GCC_NO_COMMON_BLOCKS = YES;
				GCC_WARN_64_TO_32_BIT_CONVERSION = YES;
				GCC_WARN_ABOUT_RETURN_TYPE = YES_ERROR;
				GCC_WARN_UNDECLARED_SELECTOR = YES;
				GCC_WARN_UNINITIALIZED_AUTOS = YES_AGGRESSIVE;
				GCC_WARN_UNUSED_FUNCTION = YES;
				GCC_WARN_UNUSED_VARIABLE = YES;
				IPHONEOS_DEPLOYMENT_TARGET = 14.4;
				MTL_ENABLE_DEBUG_INFO = NO;
				MTL_FAST_MATH = YES;
				SDKROOT = iphoneos;
				SWIFT_COMPILATION_MODE = wholemodule;
				SWIFT_OPTIMIZATION_LEVEL = "-O";
				VALIDATE_PRODUCT = YES;
			};
			name = Release;
		};
		2FA0B5BC25E0386A005E700D /* Debug */ = {
			isa = XCBuildConfiguration;
			buildSettings = {
				ASSETCATALOG_COMPILER_APPICON_NAME = AppIcon;
				ASSETCATALOG_COMPILER_GLOBAL_ACCENT_COLOR_NAME = AccentColor;
				CODE_SIGN_STYLE = Automatic;
				DEVELOPMENT_ASSET_PATHS = "\"MeterLog/Preview Content\"";
				ENABLE_PREVIEWS = YES;
				INFOPLIST_FILE = MeterLog/Info.plist;
				IPHONEOS_DEPLOYMENT_TARGET = 14.0;
				LD_RUNPATH_SEARCH_PATHS = (
					"$(inherited)",
					"@executable_path/Frameworks",
				);
				PRODUCT_BUNDLE_IDENTIFIER = dk.henmyg.MeterLog;
				PRODUCT_NAME = "$(TARGET_NAME)";
				SWIFT_VERSION = 5.0;
				TARGETED_DEVICE_FAMILY = "1,2";
			};
			name = Debug;
		};
		2FA0B5BD25E0386A005E700D /* Release */ = {
			isa = XCBuildConfiguration;
			buildSettings = {
				ASSETCATALOG_COMPILER_APPICON_NAME = AppIcon;
				ASSETCATALOG_COMPILER_GLOBAL_ACCENT_COLOR_NAME = AccentColor;
				CODE_SIGN_STYLE = Automatic;
				DEVELOPMENT_ASSET_PATHS = "\"MeterLog/Preview Content\"";
				ENABLE_PREVIEWS = YES;
				INFOPLIST_FILE = MeterLog/Info.plist;
				IPHONEOS_DEPLOYMENT_TARGET = 14.0;
				LD_RUNPATH_SEARCH_PATHS = (
					"$(inherited)",
					"@executable_path/Frameworks",
				);
				PRODUCT_BUNDLE_IDENTIFIER = dk.henmyg.MeterLog;
				PRODUCT_NAME = "$(TARGET_NAME)";
				SWIFT_VERSION = 5.0;
				TARGETED_DEVICE_FAMILY = "1,2";
			};
			name = Release;
		};
		2FA0B5BF25E0386A005E700D /* Debug */ = {
			isa = XCBuildConfiguration;
			buildSettings = {
				ALWAYS_EMBED_SWIFT_STANDARD_LIBRARIES = YES;
				BUNDLE_LOADER = "$(TEST_HOST)";
				CODE_SIGN_STYLE = Automatic;
				INFOPLIST_FILE = MeterLogTests/Info.plist;
				IPHONEOS_DEPLOYMENT_TARGET = 14.0;
				LD_RUNPATH_SEARCH_PATHS = (
					"$(inherited)",
					"@executable_path/Frameworks",
					"@loader_path/Frameworks",
				);
				PRODUCT_BUNDLE_IDENTIFIER = dk.henmyg.MeterLogTests;
				PRODUCT_NAME = "$(TARGET_NAME)";
				SWIFT_VERSION = 5.0;
				TARGETED_DEVICE_FAMILY = "1,2";
				TEST_HOST = "$(BUILT_PRODUCTS_DIR)/MeterLog.app/MeterLog";
			};
			name = Debug;
		};
		2FA0B5C025E0386A005E700D /* Release */ = {
			isa = XCBuildConfiguration;
			buildSettings = {
				ALWAYS_EMBED_SWIFT_STANDARD_LIBRARIES = YES;
				BUNDLE_LOADER = "$(TEST_HOST)";
				CODE_SIGN_STYLE = Automatic;
				INFOPLIST_FILE = MeterLogTests/Info.plist;
				IPHONEOS_DEPLOYMENT_TARGET = 14.0;
				LD_RUNPATH_SEARCH_PATHS = (
					"$(inherited)",
					"@executable_path/Frameworks",
					"@loader_path/Frameworks",
				);
				PRODUCT_BUNDLE_IDENTIFIER = dk.henmyg.MeterLogTests;
				PRODUCT_NAME = "$(TARGET_NAME)";
				SWIFT_VERSION = 5.0;
				TARGETED_DEVICE_FAMILY = "1,2";
				TEST_HOST = "$(BUILT_PRODUCTS_DIR)/MeterLog.app/MeterLog";
			};
			name = Release;
		};
		2FA0B5C225E0386A005E700D /* Debug */ = {
			isa = XCBuildConfiguration;
			buildSettings = {
				ALWAYS_EMBED_SWIFT_STANDARD_LIBRARIES = YES;
				CODE_SIGN_STYLE = Automatic;
				INFOPLIST_FILE = MeterLogUITests/Info.plist;
				LD_RUNPATH_SEARCH_PATHS = (
					"$(inherited)",
					"@executable_path/Frameworks",
					"@loader_path/Frameworks",
				);
				PRODUCT_BUNDLE_IDENTIFIER = dk.henmyg.MeterLogUITests;
				PRODUCT_NAME = "$(TARGET_NAME)";
				SWIFT_VERSION = 5.0;
				TARGETED_DEVICE_FAMILY = "1,2";
				TEST_TARGET_NAME = MeterLog;
			};
			name = Debug;
		};
		2FA0B5C325E0386A005E700D /* Release */ = {
			isa = XCBuildConfiguration;
			buildSettings = {
				ALWAYS_EMBED_SWIFT_STANDARD_LIBRARIES = YES;
				CODE_SIGN_STYLE = Automatic;
				INFOPLIST_FILE = MeterLogUITests/Info.plist;
				LD_RUNPATH_SEARCH_PATHS = (
					"$(inherited)",
					"@executable_path/Frameworks",
					"@loader_path/Frameworks",
				);
				PRODUCT_BUNDLE_IDENTIFIER = dk.henmyg.MeterLogUITests;
				PRODUCT_NAME = "$(TARGET_NAME)";
				SWIFT_VERSION = 5.0;
				TARGETED_DEVICE_FAMILY = "1,2";
				TEST_TARGET_NAME = MeterLog;
			};
			name = Release;
		};
/* End XCBuildConfiguration section */

/* Begin XCConfigurationList section */
		2FA0B59125E03867005E700D /* Build configuration list for PBXProject "MeterLog" */ = {
			isa = XCConfigurationList;
			buildConfigurations = (
				2FA0B5B925E0386A005E700D /* Debug */,
				2FA0B5BA25E0386A005E700D /* Release */,
			);
			defaultConfigurationIsVisible = 0;
			defaultConfigurationName = Release;
		};
		2FA0B5BB25E0386A005E700D /* Build configuration list for PBXNativeTarget "MeterLog" */ = {
			isa = XCConfigurationList;
			buildConfigurations = (
				2FA0B5BC25E0386A005E700D /* Debug */,
				2FA0B5BD25E0386A005E700D /* Release */,
			);
			defaultConfigurationIsVisible = 0;
			defaultConfigurationName = Release;
		};
		2FA0B5BE25E0386A005E700D /* Build configuration list for PBXNativeTarget "MeterLogTests" */ = {
			isa = XCConfigurationList;
			buildConfigurations = (
				2FA0B5BF25E0386A005E700D /* Debug */,
				2FA0B5C025E0386A005E700D /* Release */,
			);
			defaultConfigurationIsVisible = 0;
			defaultConfigurationName = Release;
		};
		2FA0B5C125E0386A005E700D /* Build configuration list for PBXNativeTarget "MeterLogUITests" */ = {
			isa = XCConfigurationList;
			buildConfigurations = (
				2FA0B5C225E0386A005E700D /* Debug */,
				2FA0B5C325E0386A005E700D /* Release */,
			);
			defaultConfigurationIsVisible = 0;
			defaultConfigurationName = Release;
		};
/* End XCConfigurationList section */
	};
	rootObject = 2FA0B58E25E03867005E700D /* Project object */;
}
